{
  "requires": true,
  "lockfileVersion": 1,
  "dependencies": {
    "@angular/elements": {
      "version": "13.1.0",
      "resolved": "https://registry.npmjs.org/@angular/elements/-/elements-13.1.0.tgz",
      "integrity": "sha512-+zxuC8uvctfr1B7fLLnBQId0NpMS4/EO1BKtsOdT7fC//WKvtB+YdM9Au7inCsvZDNXioo3WKbils/uoRjrviQ==",
      "requires": {
        "tslib": "^2.3.0"
      }
    },
    "tslib": {
      "version": "2.3.1",
      "resolved": "https://registry.npmjs.org/tslib/-/tslib-2.3.1.tgz",
      "integrity": "sha512-77EbyPPpMz+FRFRuAFlWMtmgUWGe9UOG2Z25NqCwiIjRhOf5iKGuzSe5P2w1laq+FkRy4p+PCuVkJSGkzTEKVw=="
    }
  }
}
